
Microsoft Visual Studio Solution File, Format Version 12.00
# Visual Studio 2015
Project("{FAE04EC0-301F-11D3-BF4B-00C04F79EFBC}") = "ImpostorRendering.Plugins", "ImpostorRendering.Plugins.csproj", "{A695CC24-D3BC-13A1-9F38-AAB8EA1E3BFC}"
EndProject
Project("{FAE04EC0-301F-11D3-BF4B-00C04F79EFBC}") = "ImpostorRendering", "ImpostorRendering.csproj", "{65A142BA-F1CA-DCDD-7FB8-0B064D2EF467}"
EndProject
Global
	GlobalSection(SolutionConfigurationPlatforms) = preSolution
		Debug|Any CPU = Debug|Any CPU
		Release|Any CPU = Release|Any CPU
	EndGlobalSection
	GlobalSection(ProjectConfigurationPlatforms) = postSolution
		{A695CC24-D3BC-13A1-9F38-AAB8EA1E3BFC}.Debug|Any CPU.ActiveCfg = Debug|Any CPU
		{A695CC24-D3BC-13A1-9F38-AAB8EA1E3BFC}.Debug|Any CPU.Build.0 = Debug|Any CPU
		{A695CC24-D3BC-13A1-9F38-AAB8EA1E3BFC}.Release|Any CPU.ActiveCfg = Release|Any CPU
		{A695CC24-D3BC-13A1-9F38-AAB8EA1E3BFC}.Release|Any CPU.Build.0 = Release|Any CPU
		{65A142BA-F1CA-DCDD-7FB8-0B064D2EF467}.Debug|Any CPU.ActiveCfg = Debug|Any CPU
		{65A142BA-F1CA-DCDD-7FB8-0B064D2EF467}.Debug|Any CPU.Build.0 = Debug|Any CPU
		{65A142BA-F1CA-DCDD-7FB8-0B064D2EF467}.Release|Any CPU.ActiveCfg = Release|Any CPU
		{65A142BA-F1CA-DCDD-7FB8-0B064D2EF467}.Release|Any CPU.Build.0 = Release|Any CPU
	EndGlobalSection
	GlobalSection(SolutionProperties) = preSolution
		HideSolutionNode = FALSE
	EndGlobalSection
EndGlobal
